
Microsoft Visual Studio Solution File, Format Version 12.00
# Visual Studio Version 16
VisualStudioVersion = 16.0.29905.134
MinimumVisualStudioVersion = 10.0.40219.1
Project("{FAE04EC0-301F-11D3-BF4B-00C04F79EFBC}") = "ServerInfo_Linux", "ServerInfo_Linux\ServerInfo_Linux.csproj", "{166ED251-DB6F-4DD1-AE25-312181F2722D}"
EndProject
Global
	GlobalSection(SolutionConfigurationPlatforms) = preSolution
		Debug|Any CPU = Debug|Any CPU
		Release|Any CPU = Release|Any CPU
	EndGlobalSection
	GlobalSection(ProjectConfigurationPlatforms) = postSolution
		{166ED251-DB6F-4DD1-AE25-312181F2722D}.Debug|Any CPU.ActiveCfg = Debug|Any CPU
		{166ED251-DB6F-4DD1-AE25-312181F2722D}.Debug|Any CPU.Build.0 = Debug|Any CPU
		{166ED251-DB6F-4DD1-AE25-312181F2722D}.Release|Any CPU.ActiveCfg = Release|Any CPU
		{166ED251-DB6F-4DD1-AE25-312181F2722D}.Release|Any CPU.Build.0 = Release|Any CPU
	EndGlobalSection
	GlobalSection(SolutionProperties) = preSolution
		HideSolutionNode = FALSE
	EndGlobalSection
	GlobalSection(ExtensibilityGlobals) = postSolution
		SolutionGuid = {0B7BFE63-6C5A-4E64-9630-A2EC5C39D688}
	EndGlobalSection
EndGlobal
